{
  "R": {
    "Version": "4.3.3",
    "Repositories": [
      {
        "Name": "BioCsoft",
        "URL": "https://bioconductor.org/packages/3.18/bioc"
      },
      {
        "Name": "BioCann",
        "URL": "https://bioconductor.org/packages/3.18/data/annotation"
      },
      {
        "Name": "BioCexp",
        "URL": "https://bioconductor.org/packages/3.18/data/experiment"
      },
      {
        "Name": "BioCworkflows",
        "URL": "https://bioconductor.org/packages/3.18/workflows"
      },
      {
        "Name": "BioCbooks",
        "URL": "https://bioconductor.org/packages/3.18/books"
      },
      {
        "Name": "CRAN",
        "URL": "https://cloud.r-project.org"
      }
    ]
  },
  "Packages": {
    "bnlearn": {
      "Package": "bnlearn",
      "Version": "4.9.3",
      "Source": "Repository",
      "Repository": "CRAN",
      "Requirements": [
        "R",
        "methods"
      ],
      "Hash": "f44f273e175607cdfa895d866a892fb1"
    },
    "jsonlite": {
      "Package": "jsonlite",
      "Version": "1.8.8",
      "Source": "Repository",
      "Repository": "CRAN",
      "Requirements": [
        "methods"
      ],
      "Hash": "e1b9c55281c5adc4dd113652d9e26768"
    },
    "renv": {
      "Package": "renv",
      "Version": "1.0.3",
      "Source": "Repository",
      "Repository": "CRAN",
      "Requirements": [
        "utils"
      ],
      "Hash": "41b847654f567341725473431dd0d5ab"
    }
  }
}
